// !$*UTF8*$!
{
	archiveVersion = 1;
	classes = {
	};
	objectVersion = 48;
	objects = {

/* Begin PBXBuildFile section */
		731395E52022D30D0053E3A3 /* AppDelegate.swift in Sources */ = {isa = PBXBuildFile; fileRef = 731395E42022D30D0053E3A3 /* AppDelegate.swift */; };
		731395E72022D30D0053E3A3 /* ViewController.swift in Sources */ = {isa = PBXBuildFile; fileRef = 731395E62022D30D0053E3A3 /* ViewController.swift */; };
		731395EA2022D30D0053E3A3 /* Main.storyboard in Resources */ = {isa = PBXBuildFile; fileRef = 731395E82022D30D0053E3A3 /* Main.storyboard */; };
		731395EC2022D30D0053E3A3 /* Assets.xcassets in Resources */ = {isa = PBXBuildFile; fileRef = 731395EB2022D30D0053E3A3 /* Assets.xcassets */; };
		731395EF2022D30D0053E3A3 /* LaunchScreen.storyboard in Resources */ = {isa = PBXBuildFile; fileRef = 731395ED2022D30D0053E3A3 /* LaunchScreen.storyboard */; };
		731395FA2022D30D0053E3A3 /* FlixAppTests.swift in Sources */ = {isa = PBXBuildFile; fileRef = 731395F92022D30D0053E3A3 /* FlixAppTests.swift */; };
		731396052022D30E0053E3A3 /* FlixAppUITests.swift in Sources */ = {isa = PBXBuildFile; fileRef = 731396042022D30E0053E3A3 /* FlixAppUITests.swift */; };
/* End PBXBuildFile section */

/* Begin PBXContainerItemProxy section */
		731395F62022D30D0053E3A3 /* PBXContainerItemProxy */ = {
			isa = PBXContainerItemProxy;
			containerPortal = 731395D92022D30D0053E3A3 /* Project object */;
			proxyType = 1;
			remoteGlobalIDString = 731395E02022D30D0053E3A3;
			remoteInfo = FlixApp;
		};
		731396012022D30E0053E3A3 /* PBXContainerItemProxy */ = {
			isa = PBXContainerItemProxy;
			containerPortal = 731395D92022D30D0053E3A3 /* Project object */;
			proxyType = 1;
			remoteGlobalIDString = 731395E02022D30D0053E3A3;
			remoteInfo = FlixApp;
		};
/* End PBXContainerItemProxy section */

/* Begin PBXFileReference section */
		731395E12022D30D0053E3A3 /* FlixApp.app */ = {isa = PBXFileReference; explicitFileType = wrapper.application; includeInIndex = 0; path = FlixApp.app; sourceTree = BUILT_PRODUCTS_DIR; };
		731395E42022D30D0053E3A3 /* AppDelegate.swift */ = {isa = PBXFileReference; lastKnownFileType = sourcecode.swift; path = AppDelegate.swift; sourceTree = "<group>"; };
		731395E62022D30D0053E3A3 /* ViewController.swift */ = {isa = PBXFileReference; lastKnownFileType = sourcecode.swift; path = ViewController.swift; sourceTree = "<group>"; };
		731395E92022D30D0053E3A3 /* Base */ = {isa = PBXFileReference; lastKnownFileType = file.storyboard; name = Base; path = Base.lproj/Main.storyboard; sourceTree = "<group>"; };
		731395EB2022D30D0053E3A3 /* Assets.xcassets */ = {isa = PBXFileReference; lastKnownFileType = folder.assetcatalog; path = Assets.xcassets; sourceTree = "<group>"; };
		731395EE2022D30D0053E3A3 /* Base */ = {isa = PBXFileReference; lastKnownFileType = file.storyboard; name = Base; path = Base.lproj/LaunchScreen.storyboard; sourceTree = "<group>"; };
		731395F02022D30D0053E3A3 /* Info.plist */ = {isa = PBXFileReference; lastKnownFileType = text.plist.xml; path = Info.plist; sourceTree = "<group>"; };
		731395F52022D30D0053E3A3 /* FlixAppTests.xctest */ = {isa = PBXFileReference; explicitFileType = wrapper.cfbundle; includeInIndex = 0; path = FlixAppTests.xctest; sourceTree = BUILT_PRODUCTS_DIR; };
		731395F92022D30D0053E3A3 /* FlixAppTests.swift */ = {isa = PBXFileReference; lastKnownFileType = sourcecode.swift; path = FlixAppTests.swift; sourceTree = "<group>"; };
		731395FB2022D30D0053E3A3 /* Info.plist */ = {isa = PBXFileReference; lastKnownFileType = text.plist.xml; path = Info.plist; sourceTree = "<group>"; };
		731396002022D30E0053E3A3 /* FlixAppUITests.xctest */ = {isa = PBXFileReference; explicitFileType = wrapper.cfbundle; includeInIndex = 0; path = FlixAppUITests.xctest; sourceTree = BUILT_PRODUCTS_DIR; };
		731396042022D30E0053E3A3 /* FlixAppUITests.swift */ = {isa = PBXFileReference; lastKnownFileType = sourcecode.swift; path = FlixAppUITests.swift; sourceTree = "<group>"; };
		731396062022D30E0053E3A3 /* Info.plist */ = {isa = PBXFileReference; lastKnownFileType = text.plist.xml; path = Info.plist; sourceTree = "<group>"; };
/* End PBXFileReference section */

/* Begin PBXFrameworksBuildPhase section */
		731395DE2022D30D0053E3A3 /* Frameworks */ = {
			isa = PBXFrameworksBuildPhase;
			buildActionMask = 2147483647;
			files = (
			);
			runOnlyForDeploymentPostprocessing = 0;
		};
		731395F22022D30D0053E3A3 /* Frameworks */ = {
			isa = PBXFrameworksBuildPhase;
			buildActionMask = 2147483647;
			files = (
			);
			runOnlyForDeploymentPostprocessing = 0;
		};
		731395FD2022D30E0053E3A3 /* Frameworks */ = {
			isa = PBXFrameworksBuildPhase;
			buildActionMask = 2147483647;
			files = (
			);
			runOnlyForDeploymentPostprocessing = 0;
		};
/* End PBXFrameworksBuildPhase section */

/* Begin PBXGroup section */
		731395D82022D30D0053E3A3 = {
			isa = PBXGroup;
			children = (
				731395E32022D30D0053E3A3 /* FlixApp */,
				731395F82022D30D0053E3A3 /* FlixAppTests */,
				731396032022D30E0053E3A3 /* FlixAppUITests */,
				731395E22022D30D0053E3A3 /* Products */,
			);
			sourceTree = "<group>";
		};
		731395E22022D30D0053E3A3 /* Products */ = {
			isa = PBXGroup;
			children = (
				731395E12022D30D0053E3A3 /* FlixApp.app */,
				731395F52022D30D0053E3A3 /* FlixAppTests.xctest */,
				731396002022D30E0053E3A3 /* FlixAppUITests.xctest */,
			);
			name = Products;
			sourceTree = "<group>";
		};
		731395E32022D30D0053E3A3 /* FlixApp */ = {
			isa = PBXGroup;
			children = (
				731395E42022D30D0053E3A3 /* AppDelegate.swift */,
				731395E62022D30D0053E3A3 /* ViewController.swift */,
				731395E82022D30D0053E3A3 /* Main.storyboard */,
				731395EB2022D30D0053E3A3 /* Assets.xcassets */,
				731395ED2022D30D0053E3A3 /* LaunchScreen.storyboard */,
				731395F02022D30D0053E3A3 /* Info.plist */,
			);
			path = FlixApp;
			sourceTree = "<group>";
		};
		731395F82022D30D0053E3A3 /* FlixAppTests */ = {
			isa = PBXGroup;
			children = (
				731395F92022D30D0053E3A3 /* FlixAppTests.swift */,
				731395FB2022D30D0053E3A3 /* Info.plist */,
			);
			path = FlixAppTests;
			sourceTree = "<group>";
		};
		731396032022D30E0053E3A3 /* FlixAppUITests */ = {
			isa = PBXGroup;
			children = (
				731396042022D30E0053E3A3 /* FlixAppUITests.swift */,
				731396062022D30E0053E3A3 /* Info.plist */,
			);
			path = FlixAppUITests;
			sourceTree = "<group>";
		};
/* End PBXGroup section */

/* Begin PBXNativeTarget section */
		731395E02022D30D0053E3A3 /* FlixApp */ = {
			isa = PBXNativeTarget;
			buildConfigurationList = 731396092022D30E0053E3A3 /* Build configuration list for PBXNativeTarget "FlixApp" */;
			buildPhases = (
				731395DD2022D30D0053E3A3 /* Sources */,
				731395DE2022D30D0053E3A3 /* Frameworks */,
				731395DF2022D30D0053E3A3 /* Resources */,
			);
			buildRules = (
			);
			dependencies = (
			);
			name = FlixApp;
			productName = FlixApp;
			productReference = 731395E12022D30D0053E3A3 /* FlixApp.app */;
			productType = "com.apple.product-type.application";
		};
		731395F42022D30D0053E3A3 /* FlixAppTests */ = {
			isa = PBXNativeTarget;
			buildConfigurationList = 7313960C2022D30E0053E3A3 /* Build configuration list for PBXNativeTarget "FlixAppTests" */;
			buildPhases = (
				731395F12022D30D0053E3A3 /* Sources */,
				731395F22022D30D0053E3A3 /* Frameworks */,
				731395F32022D30D0053E3A3 /* Resources */,
			);
			buildRules = (
			);
			dependencies = (
				731395F72022D30D0053E3A3 /* PBXTargetDependency */,
			);
			name = FlixAppTests;
			productName = FlixAppTests;
			productReference = 731395F52022D30D0053E3A3 /* FlixAppTests.xctest */;
			productType = "com.apple.product-type.bundle.unit-test";
		};
		731395FF2022D30E0053E3A3 /* FlixAppUITests */ = {
			isa = PBXNativeTarget;
			buildConfigurationList = 7313960F2022D30E0053E3A3 /* Build configuration list for PBXNativeTarget "FlixAppUITests" */;
			buildPhases = (
				731395FC2022D30E0053E3A3 /* Sources */,
				731395FD2022D30E0053E3A3 /* Frameworks */,
				731395FE2022D30E0053E3A3 /* Resources */,
			);
			buildRules = (
			);
			dependencies = (
				731396022022D30E0053E3A3 /* PBXTargetDependency */,
			);
			name = FlixAppUITests;
			productName = FlixAppUITests;
			productReference = 731396002022D30E0053E3A3 /* FlixAppUITests.xctest */;
			productType = "com.apple.product-type.bundle.ui-testing";
		};
/* End PBXNativeTarget section */

/* Begin PBXProject section */
		731395D92022D30D0053E3A3 /* Project object */ = {
			isa = PBXProject;
			attributes = {
				LastSwiftUpdateCheck = 0920;
				LastUpgradeCheck = 0920;
				ORGANIZATIONNAME = "Hiren Patel";
				TargetAttributes = {
					731395E02022D30D0053E3A3 = {
						CreatedOnToolsVersion = 9.2;
						ProvisioningStyle = Automatic;
					};
					731395F42022D30D0053E3A3 = {
						CreatedOnToolsVersion = 9.2;
						ProvisioningStyle = Automatic;
						TestTargetID = 731395E02022D30D0053E3A3;
					};
					731395FF2022D30E0053E3A3 = {
						CreatedOnToolsVersion = 9.2;
						ProvisioningStyle = Automatic;
						TestTargetID = 731395E02022D30D0053E3A3;
					};
				};
			};
			buildConfigurationList = 731395DC2022D30D0053E3A3 /* Build configuration list for PBXProject "FlixApp" */;
			compatibilityVersion = "Xcode 8.0";
			developmentRegion = en;
			hasScannedForEncodings = 0;
			knownRegions = (
				en,
				Base,
			);
			mainGroup = 731395D82022D30D0053E3A3;
			productRefGroup = 731395E22022D30D0053E3A3 /* Products */;
			projectDirPath = "";
			projectRoot = "";
			targets = (
				731395E02022D30D0053E3A3 /* FlixApp */,
				731395F42022D30D0053E3A3 /* FlixAppTests */,
				731395FF2022D30E0053E3A3 /* FlixAppUITests */,
			);
		};
/* End PBXProject section */

/* Begin PBXResourcesBuildPhase section */
		731395DF2022D30D0053E3A3 /* Resources */ = {
			isa = PBXResourcesBuildPhase;
			buildActionMask = 2147483647;
			files = (
				731395EF2022D30D0053E3A3 /* LaunchScreen.storyboard in Resources */,
				731395EC2022D30D0053E3A3 /* Assets.xcassets in Resources */,
				731395EA2022D30D0053E3A3 /* Main.storyboard in Resources */,
			);
			runOnlyForDeploymentPostprocessing = 0;
		};
		731395F32022D30D0053E3A3 /* Resources */ = {
			isa = PBXResourcesBuildPhase;
			buildActionMask = 2147483647;
			files = (
			);
			runOnlyForDeploymentPostprocessing = 0;
		};
		731395FE2022D30E0053E3A3 /* Resources */ = {
			isa = PBXResourcesBuildPhase;
			buildActionMask = 2147483647;
			files = (
			);
			runOnlyForDeploymentPostprocessing = 0;
		};
/* End PBXResourcesBuildPhase section */

/* Begin PBXSourcesBuildPhase section */
		731395DD2022D30D0053E3A3 /* Sources */ = {
			isa = PBXSourcesBuildPhase;
			buildActionMask = 2147483647;
			files = (
				731395E72022D30D0053E3A3 /* ViewController.swift in Sources */,
				731395E52022D30D0053E3A3 /* AppDelegate.swift in Sources */,
			);
			runOnlyForDeploymentPostprocessing = 0;
		};
		731395F12022D30D0053E3A3 /* Sources */ = {
			isa = PBXSourcesBuildPhase;
			buildActionMask = 2147483647;
			files = (
				731395FA2022D30D0053E3A3 /* FlixAppTests.swift in Sources */,
			);
			runOnlyForDeploymentPostprocessing = 0;
		};
		731395FC2022D30E0053E3A3 /* Sources */ = {
			isa = PBXSourcesBuildPhase;
			buildActionMask = 2147483647;
			files = (
				731396052022D30E0053E3A3 /* FlixAppUITests.swift in Sources */,
			);
			runOnlyForDeploymentPostprocessing = 0;
		};
/* End PBXSourcesBuildPhase section */

/* Begin PBXTargetDependency section */
		731395F72022D30D0053E3A3 /* PBXTargetDependency */ = {
			isa = PBXTargetDependency;
			target = 731395E02022D30D0053E3A3 /* FlixApp */;
			targetProxy = 731395F62022D30D0053E3A3 /* PBXContainerItemProxy */;
		};
		731396022022D30E0053E3A3 /* PBXTargetDependency */ = {
			isa = PBXTargetDependency;
			target = 731395E02022D30D0053E3A3 /* FlixApp */;
			targetProxy = 731396012022D30E0053E3A3 /* PBXContainerItemProxy */;
		};
/* End PBXTargetDependency section */

/* Begin PBXVariantGroup section */
		731395E82022D30D0053E3A3 /* Main.storyboard */ = {
			isa = PBXVariantGroup;
			children = (
				731395E92022D30D0053E3A3 /* Base */,
			);
			name = Main.storyboard;
			sourceTree = "<group>";
		};
		731395ED2022D30D0053E3A3 /* LaunchScreen.storyboard */ = {
			isa = PBXVariantGroup;
			children = (
				731395EE2022D30D0053E3A3 /* Base */,
			);
			name = LaunchScreen.storyboard;
			sourceTree = "<group>";
		};
/* End PBXVariantGroup section */

/* Begin XCBuildConfiguration section */
		731396072022D30E0053E3A3 /* Debug */ = {
			isa = XCBuildConfiguration;
			buildSettings = {
				ALWAYS_SEARCH_USER_PATHS = NO;
				CLANG_ANALYZER_NONNULL = YES;
				CLANG_ANALYZER_NUMBER_OBJECT_CONVERSION = YES_AGGRESSIVE;
				CLANG_CXX_LANGUAGE_STANDARD = "gnu++14";
				CLANG_CXX_LIBRARY = "libc++";
				CLANG_ENABLE_MODULES = YES;
				CLANG_ENABLE_OBJC_ARC = YES;
				CLANG_WARN_BLOCK_CAPTURE_AUTORELEASING = YES;
				CLANG_WARN_BOOL_CONVERSION = YES;
				CLANG_WARN_COMMA = YES;
				CLANG_WARN_CONSTANT_CONVERSION = YES;
				CLANG_WARN_DIRECT_OBJC_ISA_USAGE = YES_ERROR;
				CLANG_WARN_DOCUMENTATION_COMMENTS = YES;
				CLANG_WARN_EMPTY_BODY = YES;
				CLANG_WARN_ENUM_CONVERSION = YES;
				CLANG_WARN_INFINITE_RECURSION = YES;
				CLANG_WARN_INT_CONVERSION = YES;
				CLANG_WARN_NON_LITERAL_NULL_CONVERSION = YES;
				CLANG_WARN_OBJC_LITERAL_CONVERSION = YES;
				CLANG_WARN_OBJC_ROOT_CLASS = YES_ERROR;
				CLANG_WARN_RANGE_LOOP_ANALYSIS = YES;
				CLANG_WARN_STRICT_PROTOTYPES = YES;
				CLANG_WARN_SUSPICIOUS_MOVE = YES;
				CLANG_WARN_UNGUARDED_AVAILABILITY = YES_AGGRESSIVE;
				CLANG_WARN_UNREACHABLE_CODE = YES;
				CLANG_WARN__DUPLICATE_METHOD_MATCH = YES;
				CODE_SIGN_IDENTITY = "iPhone Developer";
				COPY_PHASE_STRIP = NO;
				DEBUG_INFORMATION_FORMAT = dwarf;
				ENABLE_STRICT_OBJC_MSGSEND = YES;
				ENABLE_TESTABILITY = YES;
				GCC_C_LANGUAGE_STANDARD = gnu11;
				GCC_DYNAMIC_NO_PIC = NO;
				GCC_NO_COMMON_BLOCKS = YES;
				GCC_OPTIMIZATION_LEVEL = 0;
				GCC_PREPROCESSOR_DEFINITIONS = (
					"DEBUG=1",
					"$(inherited)",
				);
				GCC_WARN_64_TO_32_BIT_CONVERSION = YES;
				GCC_WARN_ABOUT_RETURN_TYPE = YES_ERROR;
				GCC_WARN_UNDECLARED_SELECTOR = YES;
				GCC_WARN_UNINITIALIZED_AUTOS = YES_AGGRESSIVE;
				GCC_WARN_UNUSED_FUNCTION = YES;
				GCC_WARN_UNUSED_VARIABLE = YES;
				IPHONEOS_DEPLOYMENT_TARGET = 11.2;
				MTL_ENABLE_DEBUG_INFO = YES;
				ONLY_ACTIVE_ARCH = YES;
				SDKROOT = iphoneos;
				SWIFT_ACTIVE_COMPILATION_CONDITIONS = DEBUG;
				SWIFT_OPTIMIZATION_LEVEL = "-Onone";
			};
			name = Debug;
		};
		731396082022D30E0053E3A3 /* Release */ = {
			isa = XCBuildConfiguration;
			buildSettings = {
				ALWAYS_SEARCH_USER_PATHS = NO;
				CLANG_ANALYZER_NONNULL = YES;
				CLANG_ANALYZER_NUMBER_OBJECT_CONVERSION = YES_AGGRESSIVE;
				CLANG_CXX_LANGUAGE_STANDARD = "gnu++14";
				CLANG_CXX_LIBRARY = "libc++";
				CLANG_ENABLE_MODULES = YES;
				CLANG_ENABLE_OBJC_ARC = YES;
				CLANG_WARN_BLOCK_CAPTURE_AUTORELEASING = YES;
				CLANG_WARN_BOOL_CONVERSION = YES;
				CLANG_WARN_COMMA = YES;
				CLANG_WARN_CONSTANT_CONVERSION = YES;
				CLANG_WARN_DIRECT_OBJC_ISA_USAGE = YES_ERROR;
				CLANG_WARN_DOCUMENTATION_COMMENTS = YES;
				CLANG_WARN_EMPTY_BODY = YES;
				CLANG_WARN_ENUM_CONVERSION = YES;
				CLANG_WARN_INFINITE_RECURSION = YES;
				CLANG_WARN_INT_CONVERSION = YES;
				CLANG_WARN_NON_LITERAL_NULL_CONVERSION = YES;
				CLANG_WARN_OBJC_LITERAL_CONVERSION = YES;
				CLANG_WARN_OBJC_ROOT_CLASS = YES_ERROR;
				CLANG_WARN_RANGE_LOOP_ANALYSIS = YES;
				CLANG_WARN_STRICT_PROTOTYPES = YES;
				CLANG_WARN_SUSPICIOUS_MOVE = YES;
				CLANG_WARN_UNGUARDED_AVAILABILITY = YES_AGGRESSIVE;
				CLANG_WARN_UNREACHABLE_CODE = YES;
				CLANG_WARN__DUPLICATE_METHOD_MATCH = YES;
				CODE_SIGN_IDENTITY = "iPhone Developer";
				COPY_PHASE_STRIP = NO;
				DEBUG_INFORMATION_FORMAT = "dwarf-with-dsym";
				ENABLE_NS_ASSERTIONS = NO;
				ENABLE_STRICT_OBJC_MSGSEND = YES;
				GCC_C_LANGUAGE_STANDARD = gnu11;
				GCC_NO_COMMON_BLOCKS = YES;
				GCC_WARN_64_TO_32_BIT_CONVERSION = YES;
				GCC_WARN_ABOUT_RETURN_TYPE = YES_ERROR;
				GCC_WARN_UNDECLARED_SELECTOR = YES;
				GCC_WARN_UNINITIALIZED_AUTOS = YES_AGGRESSIVE;
				GCC_WARN_UNUSED_FUNCTION = YES;
				GCC_WARN_UNUSED_VARIABLE = YES;
				IPHONEOS_DEPLOYMENT_TARGET = 11.2;
				MTL_ENABLE_DEBUG_INFO = NO;
				SDKROOT = iphoneos;
				SWIFT_OPTIMIZATION_LEVEL = "-Owholemodule";
				VALIDATE_PRODUCT = YES;
			};
			name = Release;
		};
		7313960A2022D30E0053E3A3 /* Debug */ = {
			isa = XCBuildConfiguration;
			buildSettings = {
				ASSETCATALOG_COMPILER_APPICON_NAME = AppIcon;
				CODE_SIGN_STYLE = Automatic;
				INFOPLIST_FILE = FlixApp/Info.plist;
				LD_RUNPATH_SEARCH_PATHS = "$(inherited) @executable_path/Frameworks";
				PRODUCT_BUNDLE_IDENTIFIER = com.csumb.hpatel.FlixApp;
				PRODUCT_NAME = "$(TARGET_NAME)";
				SWIFT_VERSION = 4.0;
				TARGETED_DEVICE_FAMILY = "1,2";
			};
			name = Debug;
		};
		7313960B2022D30E0053E3A3 /* Release */ = {
			isa = XCBuildConfiguration;
			buildSettings = {
				ASSETCATALOG_COMPILER_APPICON_NAME = AppIcon;
				CODE_SIGN_STYLE = Automatic;
				INFOPLIST_FILE = FlixApp/Info.plist;
				LD_RUNPATH_SEARCH_PATHS = "$(inherited) @executable_path/Frameworks";
				PRODUCT_BUNDLE_IDENTIFIER = com.csumb.hpatel.FlixApp;
				PRODUCT_NAME = "$(TARGET_NAME)";
				SWIFT_VERSION = 4.0;
				TARGETED_DEVICE_FAMILY = "1,2";
			};
			name = Release;
		};
		7313960D2022D30E0053E3A3 /* Debug */ = {
			isa = XCBuildConfiguration;
			buildSettings = {
				ALWAYS_EMBED_SWIFT_STANDARD_LIBRARIES = YES;
				BUNDLE_LOADER = "$(TEST_HOST)";
				CODE_SIGN_STYLE = Automatic;
				INFOPLIST_FILE = FlixAppTests/Info.plist;
				LD_RUNPATH_SEARCH_PATHS = "$(inherited) @executable_path/Frameworks @loader_path/Frameworks";
				PRODUCT_BUNDLE_IDENTIFIER = com.csumb.hpatel.FlixAppTests;
				PRODUCT_NAME = "$(TARGET_NAME)";
				SWIFT_VERSION = 4.0;
				TARGETED_DEVICE_FAMILY = "1,2";
				TEST_HOST = "$(BUILT_PRODUCTS_DIR)/FlixApp.app/FlixApp";
			};
			name = Debug;
		};
		7313960E2022D30E0053E3A3 /* Release */ = {
			isa = XCBuildConfiguration;
			buildSettings = {
				ALWAYS_EMBED_SWIFT_STANDARD_LIBRARIES = YES;
				BUNDLE_LOADER = "$(TEST_HOST)";
				CODE_SIGN_STYLE = Automatic;
				INFOPLIST_FILE = FlixAppTests/Info.plist;
				LD_RUNPATH_SEARCH_PATHS = "$(inherited) @executable_path/Frameworks @loader_path/Frameworks";
				PRODUCT_BUNDLE_IDENTIFIER = com.csumb.hpatel.FlixAppTests;
				PRODUCT_NAME = "$(TARGET_NAME)";
				SWIFT_VERSION = 4.0;
				TARGETED_DEVICE_FAMILY = "1,2";
				TEST_HOST = "$(BUILT_PRODUCTS_DIR)/FlixApp.app/FlixApp";
			};
			name = Release;
		};
		731396102022D30E0053E3A3 /* Debug */ = {
			isa = XCBuildConfiguration;
			buildSettings = {
				ALWAYS_EMBED_SWIFT_STANDARD_LIBRARIES = YES;
				CODE_SIGN_STYLE = Automatic;
				INFOPLIST_FILE = FlixAppUITests/Info.plist;
				LD_RUNPATH_SEARCH_PATHS = "$(inherited) @executable_path/Frameworks @loader_path/Frameworks";
				PRODUCT_BUNDLE_IDENTIFIER = com.csumb.hpatel.FlixAppUITests;
				PRODUCT_NAME = "$(TARGET_NAME)";
				SWIFT_VERSION = 4.0;
				TARGETED_DEVICE_FAMILY = "1,2";
				TEST_TARGET_NAME = FlixApp;
			};
			name = Debug;
		};
		731396112022D30E0053E3A3 /* Release */ = {
			isa = XCBuildConfiguration;
			buildSettings = {
				ALWAYS_EMBED_SWIFT_STANDARD_LIBRARIES = YES;
				CODE_SIGN_STYLE = Automatic;
				INFOPLIST_FILE = FlixAppUITests/Info.plist;
				LD_RUNPATH_SEARCH_PATHS = "$(inherited) @executable_path/Frameworks @loader_path/Frameworks";
				PRODUCT_BUNDLE_IDENTIFIER = com.csumb.hpatel.FlixAppUITests;
				PRODUCT_NAME = "$(TARGET_NAME)";
				SWIFT_VERSION = 4.0;
				TARGETED_DEVICE_FAMILY = "1,2";
				TEST_TARGET_NAME = FlixApp;
			};
			name = Release;
		};
/* End XCBuildConfiguration section */

/* Begin XCConfigurationList section */
		731395DC2022D30D0053E3A3 /* Build configuration list for PBXProject "FlixApp" */ = {
			isa = XCConfigurationList;
			buildConfigurations = (
				731396072022D30E0053E3A3 /* Debug */,
				731396082022D30E0053E3A3 /* Release */,
			);
			defaultConfigurationIsVisible = 0;
			defaultConfigurationName = Release;
		};
		731396092022D30E0053E3A3 /* Build configuration list for PBXNativeTarget "FlixApp" */ = {
			isa = XCConfigurationList;
			buildConfigurations = (
				7313960A2022D30E0053E3A3 /* Debug */,
				7313960B2022D30E0053E3A3 /* Release */,
			);
			defaultConfigurationIsVisible = 0;
			defaultConfigurationName = Release;
		};
		7313960C2022D30E0053E3A3 /* Build configuration list for PBXNativeTarget "FlixAppTests" */ = {
			isa = XCConfigurationList;
			buildConfigurations = (
				7313960D2022D30E0053E3A3 /* Debug */,
				7313960E2022D30E0053E3A3 /* Release */,
			);
			defaultConfigurationIsVisible = 0;
			defaultConfigurationName = Release;
		};
		7313960F2022D30E0053E3A3 /* Build configuration list for PBXNativeTarget "FlixAppUITests" */ = {
			isa = XCConfigurationList;
			buildConfigurations = (
				731396102022D30E0053E3A3 /* Debug */,
				731396112022D30E0053E3A3 /* Release */,
			);
			defaultConfigurationIsVisible = 0;
			defaultConfigurationName = Release;
		};
/* End XCConfigurationList section */
	};
	rootObject = 731395D92022D30D0053E3A3 /* Project object */;
}
